// !$*UTF8*$!
{
	archiveVersion = 1;
	classes = {
	};
	objectVersion = 46;
	objects = {

/* Begin PBXBuildFile section */
		16DFC7011AE45B3800265C43 /* PSColor.m in Sources */ = {isa = PBXBuildFile; fileRef = 16DFC7001AE45B3800265C43 /* PSColor.m */; };
		16EFB20D1AE4514000614656 /* main.m in Sources */ = {isa = PBXBuildFile; fileRef = 16EFB20C1AE4514000614656 /* main.m */; };
		16EFB2101AE4514000614656 /* AppDelegate.m in Sources */ = {isa = PBXBuildFile; fileRef = 16EFB20F1AE4514000614656 /* AppDelegate.m */; };
		16EFB2131AE4514000614656 /* TabViewController.m in Sources */ = {isa = PBXBuildFile; fileRef = 16EFB2121AE4514000614656 /* TabViewController.m */; };
		16EFB2161AE4514000614656 /* Main.storyboard in Resources */ = {isa = PBXBuildFile; fileRef = 16EFB2141AE4514000614656 /* Main.storyboard */; };
		16EFB2181AE4514000614656 /* Images.xcassets in Resources */ = {isa = PBXBuildFile; fileRef = 16EFB2171AE4514000614656 /* Images.xcassets */; };
		16EFB21B1AE4514000614656 /* LaunchScreen.xib in Resources */ = {isa = PBXBuildFile; fileRef = 16EFB2191AE4514000614656 /* LaunchScreen.xib */; };
		16EFB2271AE4514000614656 /* ProjectSpyTests.m in Sources */ = {isa = PBXBuildFile; fileRef = 16EFB2261AE4514000614656 /* ProjectSpyTests.m */; };
/* End PBXBuildFile section */

/* Begin PBXContainerItemProxy section */
		16EFB2211AE4514000614656 /* PBXContainerItemProxy */ = {
			isa = PBXContainerItemProxy;
			containerPortal = 16EFB1FF1AE4514000614656 /* Project object */;
			proxyType = 1;
			remoteGlobalIDString = 16EFB2061AE4514000614656;
			remoteInfo = ProjectSpy;
		};
/* End PBXContainerItemProxy section */

/* Begin PBXFileReference section */
		16DFC6FF1AE45B3800265C43 /* PSColor.h */ = {isa = PBXFileReference; fileEncoding = 4; lastKnownFileType = sourcecode.c.h; path = PSColor.h; sourceTree = "<group>"; };
		16DFC7001AE45B3800265C43 /* PSColor.m */ = {isa = PBXFileReference; fileEncoding = 4; lastKnownFileType = sourcecode.c.objc; path = PSColor.m; sourceTree = "<group>"; };
		16EFB2071AE4514000614656 /* ProjectSpy.app */ = {isa = PBXFileReference; explicitFileType = wrapper.application; includeInIndex = 0; path = ProjectSpy.app; sourceTree = BUILT_PRODUCTS_DIR; };
		16EFB20B1AE4514000614656 /* Info.plist */ = {isa = PBXFileReference; lastKnownFileType = text.plist.xml; path = Info.plist; sourceTree = "<group>"; };
		16EFB20C1AE4514000614656 /* main.m */ = {isa = PBXFileReference; lastKnownFileType = sourcecode.c.objc; path = main.m; sourceTree = "<group>"; };
		16EFB20E1AE4514000614656 /* AppDelegate.h */ = {isa = PBXFileReference; lastKnownFileType = sourcecode.c.h; path = AppDelegate.h; sourceTree = "<group>"; };
		16EFB20F1AE4514000614656 /* AppDelegate.m */ = {isa = PBXFileReference; lastKnownFileType = sourcecode.c.objc; path = AppDelegate.m; sourceTree = "<group>"; };
		16EFB2111AE4514000614656 /* TabViewController.h */ = {isa = PBXFileReference; lastKnownFileType = sourcecode.c.h; path = TabViewController.h; sourceTree = "<group>"; };
		16EFB2121AE4514000614656 /* TabViewController.m */ = {isa = PBXFileReference; lastKnownFileType = sourcecode.c.objc; path = TabViewController.m; sourceTree = "<group>"; };
		16EFB2151AE4514000614656 /* Base */ = {isa = PBXFileReference; lastKnownFileType = file.storyboard; name = Base; path = Base.lproj/Main.storyboard; sourceTree = "<group>"; };
		16EFB2171AE4514000614656 /* Images.xcassets */ = {isa = PBXFileReference; lastKnownFileType = folder.assetcatalog; path = Images.xcassets; sourceTree = "<group>"; };
		16EFB21A1AE4514000614656 /* Base */ = {isa = PBXFileReference; lastKnownFileType = file.xib; name = Base; path = Base.lproj/LaunchScreen.xib; sourceTree = "<group>"; };
		16EFB2201AE4514000614656 /* ProjectSpyTests.xctest */ = {isa = PBXFileReference; explicitFileType = wrapper.cfbundle; includeInIndex = 0; path = ProjectSpyTests.xctest; sourceTree = BUILT_PRODUCTS_DIR; };
		16EFB2251AE4514000614656 /* Info.plist */ = {isa = PBXFileReference; lastKnownFileType = text.plist.xml; path = Info.plist; sourceTree = "<group>"; };
		16EFB2261AE4514000614656 /* ProjectSpyTests.m */ = {isa = PBXFileReference; lastKnownFileType = sourcecode.c.objc; path = ProjectSpyTests.m; sourceTree = "<group>"; };
/* End PBXFileReference section */

/* Begin PBXFrameworksBuildPhase section */
		16EFB2041AE4514000614656 /* Frameworks */ = {
			isa = PBXFrameworksBuildPhase;
			buildActionMask = 2147483647;
			files = (
			);
			runOnlyForDeploymentPostprocessing = 0;
		};
		16EFB21D1AE4514000614656 /* Frameworks */ = {
			isa = PBXFrameworksBuildPhase;
			buildActionMask = 2147483647;
			files = (
			);
			runOnlyForDeploymentPostprocessing = 0;
		};
/* End PBXFrameworksBuildPhase section */

/* Begin PBXGroup section */
		16EFB1FE1AE4514000614656 = {
			isa = PBXGroup;
			children = (
				16EFB2091AE4514000614656 /* ProjectSpy */,
				16EFB2231AE4514000614656 /* ProjectSpyTests */,
				16EFB2081AE4514000614656 /* Products */,
			);
			sourceTree = "<group>";
		};
		16EFB2081AE4514000614656 /* Products */ = {
			isa = PBXGroup;
			children = (
				16EFB2071AE4514000614656 /* ProjectSpy.app */,
				16EFB2201AE4514000614656 /* ProjectSpyTests.xctest */,
			);
			name = Products;
			sourceTree = "<group>";
		};
		16EFB2091AE4514000614656 /* ProjectSpy */ = {
			isa = PBXGroup;
			children = (
				16EFB20E1AE4514000614656 /* AppDelegate.h */,
				16EFB20F1AE4514000614656 /* AppDelegate.m */,
				16EFB2111AE4514000614656 /* TabViewController.h */,
				16EFB2121AE4514000614656 /* TabViewController.m */,
				16EFB2141AE4514000614656 /* Main.storyboard */,
				16EFB2171AE4514000614656 /* Images.xcassets */,
				16EFB2191AE4514000614656 /* LaunchScreen.xib */,
				16EFB20A1AE4514000614656 /* Supporting Files */,
				16DFC6FF1AE45B3800265C43 /* PSColor.h */,
				16DFC7001AE45B3800265C43 /* PSColor.m */,
			);
			path = ProjectSpy;
			sourceTree = "<group>";
		};
		16EFB20A1AE4514000614656 /* Supporting Files */ = {
			isa = PBXGroup;
			children = (
				16EFB20B1AE4514000614656 /* Info.plist */,
				16EFB20C1AE4514000614656 /* main.m */,
			);
			name = "Supporting Files";
			sourceTree = "<group>";
		};
		16EFB2231AE4514000614656 /* ProjectSpyTests */ = {
			isa = PBXGroup;
			children = (
				16EFB2261AE4514000614656 /* ProjectSpyTests.m */,
				16EFB2241AE4514000614656 /* Supporting Files */,
			);
			path = ProjectSpyTests;
			sourceTree = "<group>";
		};
		16EFB2241AE4514000614656 /* Supporting Files */ = {
			isa = PBXGroup;
			children = (
				16EFB2251AE4514000614656 /* Info.plist */,
			);
			name = "Supporting Files";
			sourceTree = "<group>";
		};
/* End PBXGroup section */

/* Begin PBXNativeTarget section */
		16EFB2061AE4514000614656 /* ProjectSpy */ = {
			isa = PBXNativeTarget;
			buildConfigurationList = 16EFB22A1AE4514000614656 /* Build configuration list for PBXNativeTarget "ProjectSpy" */;
			buildPhases = (
				16EFB2031AE4514000614656 /* Sources */,
				16EFB2041AE4514000614656 /* Frameworks */,
				16EFB2051AE4514000614656 /* Resources */,
			);
			buildRules = (
			);
			dependencies = (
			);
			name = ProjectSpy;
			productName = ProjectSpy;
			productReference = 16EFB2071AE4514000614656 /* ProjectSpy.app */;
			productType = "com.apple.product-type.application";
		};
		16EFB21F1AE4514000614656 /* ProjectSpyTests */ = {
			isa = PBXNativeTarget;
			buildConfigurationList = 16EFB22D1AE4514000614656 /* Build configuration list for PBXNativeTarget "ProjectSpyTests" */;
			buildPhases = (
				16EFB21C1AE4514000614656 /* Sources */,
				16EFB21D1AE4514000614656 /* Frameworks */,
				16EFB21E1AE4514000614656 /* Resources */,
			);
			buildRules = (
			);
			dependencies = (
				16EFB2221AE4514000614656 /* PBXTargetDependency */,
			);
			name = ProjectSpyTests;
			productName = ProjectSpyTests;
			productReference = 16EFB2201AE4514000614656 /* ProjectSpyTests.xctest */;
			productType = "com.apple.product-type.bundle.unit-test";
		};
/* End PBXNativeTarget section */

/* Begin PBXProject section */
		16EFB1FF1AE4514000614656 /* Project object */ = {
			isa = PBXProject;
			attributes = {
				LastUpgradeCheck = 0630;
				ORGANIZATIONNAME = "Slacker Tools";
				TargetAttributes = {
					16EFB2061AE4514000614656 = {
						CreatedOnToolsVersion = 6.3;
					};
					16EFB21F1AE4514000614656 = {
						CreatedOnToolsVersion = 6.3;
						TestTargetID = 16EFB2061AE4514000614656;
					};
				};
			};
			buildConfigurationList = 16EFB2021AE4514000614656 /* Build configuration list for PBXProject "ProjectSpy" */;
			compatibilityVersion = "Xcode 3.2";
			developmentRegion = English;
			hasScannedForEncodings = 0;
			knownRegions = (
				en,
				Base,
			);
			mainGroup = 16EFB1FE1AE4514000614656;
			productRefGroup = 16EFB2081AE4514000614656 /* Products */;
			projectDirPath = "";
			projectRoot = "";
			targets = (
				16EFB2061AE4514000614656 /* ProjectSpy */,
				16EFB21F1AE4514000614656 /* ProjectSpyTests */,
			);
		};
/* End PBXProject section */

/* Begin PBXResourcesBuildPhase section */
		16EFB2051AE4514000614656 /* Resources */ = {
			isa = PBXResourcesBuildPhase;
			buildActionMask = 2147483647;
			files = (
				16EFB2161AE4514000614656 /* Main.storyboard in Resources */,
				16EFB21B1AE4514000614656 /* LaunchScreen.xib in Resources */,
				16EFB2181AE4514000614656 /* Images.xcassets in Resources */,
			);
			runOnlyForDeploymentPostprocessing = 0;
		};
		16EFB21E1AE4514000614656 /* Resources */ = {
			isa = PBXResourcesBuildPhase;
			buildActionMask = 2147483647;
			files = (
			);
			runOnlyForDeploymentPostprocessing = 0;
		};
/* End PBXResourcesBuildPhase section */

/* Begin PBXSourcesBuildPhase section */
		16EFB2031AE4514000614656 /* Sources */ = {
			isa = PBXSourcesBuildPhase;
			buildActionMask = 2147483647;
			files = (
				16EFB2131AE4514000614656 /* TabViewController.m in Sources */,
				16EFB2101AE4514000614656 /* AppDelegate.m in Sources */,
				16DFC7011AE45B3800265C43 /* PSColor.m in Sources */,
				16EFB20D1AE4514000614656 /* main.m in Sources */,
			);
			runOnlyForDeploymentPostprocessing = 0;
		};
		16EFB21C1AE4514000614656 /* Sources */ = {
			isa = PBXSourcesBuildPhase;
			buildActionMask = 2147483647;
			files = (
				16EFB2271AE4514000614656 /* ProjectSpyTests.m in Sources */,
			);
			runOnlyForDeploymentPostprocessing = 0;
		};
/* End PBXSourcesBuildPhase section */

/* Begin PBXTargetDependency section */
		16EFB2221AE4514000614656 /* PBXTargetDependency */ = {
			isa = PBXTargetDependency;
			target = 16EFB2061AE4514000614656 /* ProjectSpy */;
			targetProxy = 16EFB2211AE4514000614656 /* PBXContainerItemProxy */;
		};
/* End PBXTargetDependency section */

/* Begin PBXVariantGroup section */
		16EFB2141AE4514000614656 /* Main.storyboard */ = {
			isa = PBXVariantGroup;
			children = (
				16EFB2151AE4514000614656 /* Base */,
			);
			name = Main.storyboard;
			sourceTree = "<group>";
		};
		16EFB2191AE4514000614656 /* LaunchScreen.xib */ = {
			isa = PBXVariantGroup;
			children = (
				16EFB21A1AE4514000614656 /* Base */,
			);
			name = LaunchScreen.xib;
			sourceTree = "<group>";
		};
/* End PBXVariantGroup section */

/* Begin XCBuildConfiguration section */
		16EFB2281AE4514000614656 /* Debug */ = {
			isa = XCBuildConfiguration;
			buildSettings = {
				ALWAYS_SEARCH_USER_PATHS = NO;
				CLANG_CXX_LANGUAGE_STANDARD = "gnu++0x";
				CLANG_CXX_LIBRARY = "libc++";
				CLANG_ENABLE_MODULES = YES;
				CLANG_ENABLE_OBJC_ARC = YES;
				CLANG_WARN_BOOL_CONVERSION = YES;
				CLANG_WARN_CONSTANT_CONVERSION = YES;
				CLANG_WARN_DIRECT_OBJC_ISA_USAGE = YES_ERROR;
				CLANG_WARN_EMPTY_BODY = YES;
				CLANG_WARN_ENUM_CONVERSION = YES;
				CLANG_WARN_INT_CONVERSION = YES;
				CLANG_WARN_OBJC_ROOT_CLASS = YES_ERROR;
				CLANG_WARN_UNREACHABLE_CODE = YES;
				CLANG_WARN__DUPLICATE_METHOD_MATCH = YES;
				"CODE_SIGN_IDENTITY[sdk=iphoneos*]" = "iPhone Developer";
				COPY_PHASE_STRIP = NO;
				DEBUG_INFORMATION_FORMAT = "dwarf-with-dsym";
				ENABLE_STRICT_OBJC_MSGSEND = YES;
				GCC_C_LANGUAGE_STANDARD = gnu99;
				GCC_DYNAMIC_NO_PIC = NO;
				GCC_NO_COMMON_BLOCKS = YES;
				GCC_OPTIMIZATION_LEVEL = 0;
				GCC_PREPROCESSOR_DEFINITIONS = (
					"DEBUG=1",
					"$(inherited)",
				);
				GCC_SYMBOLS_PRIVATE_EXTERN = NO;
				GCC_WARN_64_TO_32_BIT_CONVERSION = YES;
				GCC_WARN_ABOUT_RETURN_TYPE = YES_ERROR;
				GCC_WARN_UNDECLARED_SELECTOR = YES;
				GCC_WARN_UNINITIALIZED_AUTOS = YES_AGGRESSIVE;
				GCC_WARN_UNUSED_FUNCTION = YES;
				GCC_WARN_UNUSED_VARIABLE = YES;
				IPHONEOS_DEPLOYMENT_TARGET = 8.3;
				MTL_ENABLE_DEBUG_INFO = YES;
				ONLY_ACTIVE_ARCH = YES;
				SDKROOT = iphoneos;
				TARGETED_DEVICE_FAMILY = "1,2";
			};
			name = Debug;
		};
		16EFB2291AE4514000614656 /* Release */ = {
			isa = XCBuildConfiguration;
			buildSettings = {
				ALWAYS_SEARCH_USER_PATHS = NO;
				CLANG_CXX_LANGUAGE_STANDARD = "gnu++0x";
				CLANG_CXX_LIBRARY = "libc++";
				CLANG_ENABLE_MODULES = YES;
				CLANG_ENABLE_OBJC_ARC = YES;
				CLANG_WARN_BOOL_CONVERSION = YES;
				CLANG_WARN_CONSTANT_CONVERSION = YES;
				CLANG_WARN_DIRECT_OBJC_ISA_USAGE = YES_ERROR;
				CLANG_WARN_EMPTY_BODY = YES;
				CLANG_WARN_ENUM_CONVERSION = YES;
				CLANG_WARN_INT_CONVERSION = YES;
				CLANG_WARN_OBJC_ROOT_CLASS = YES_ERROR;
				CLANG_WARN_UNREACHABLE_CODE = YES;
				CLANG_WARN__DUPLICATE_METHOD_MATCH = YES;
				"CODE_SIGN_IDENTITY[sdk=iphoneos*]" = "iPhone Developer";
				COPY_PHASE_STRIP = NO;
				DEBUG_INFORMATION_FORMAT = "dwarf-with-dsym";
				ENABLE_NS_ASSERTIONS = NO;
				ENABLE_STRICT_OBJC_MSGSEND = YES;
				GCC_C_LANGUAGE_STANDARD = gnu99;
				GCC_NO_COMMON_BLOCKS = YES;
				GCC_WARN_64_TO_32_BIT_CONVERSION = YES;
				GCC_WARN_ABOUT_RETURN_TYPE = YES_ERROR;
				GCC_WARN_UNDECLARED_SELECTOR = YES;
				GCC_WARN_UNINITIALIZED_AUTOS = YES_AGGRESSIVE;
				GCC_WARN_UNUSED_FUNCTION = YES;
				GCC_WARN_UNUSED_VARIABLE = YES;
				IPHONEOS_DEPLOYMENT_TARGET = 8.3;
				MTL_ENABLE_DEBUG_INFO = NO;
				SDKROOT = iphoneos;
				TARGETED_DEVICE_FAMILY = "1,2";
				VALIDATE_PRODUCT = YES;
			};
			name = Release;
		};
		16EFB22B1AE4514000614656 /* Debug */ = {
			isa = XCBuildConfiguration;
			buildSettings = {
				ASSETCATALOG_COMPILER_APPICON_NAME = AppIcon;
				INFOPLIST_FILE = ProjectSpy/Info.plist;
				LD_RUNPATH_SEARCH_PATHS = "$(inherited) @executable_path/Frameworks";
				PRODUCT_NAME = "$(TARGET_NAME)";
			};
			name = Debug;
		};
		16EFB22C1AE4514000614656 /* Release */ = {
			isa = XCBuildConfiguration;
			buildSettings = {
				ASSETCATALOG_COMPILER_APPICON_NAME = AppIcon;
				INFOPLIST_FILE = ProjectSpy/Info.plist;
				LD_RUNPATH_SEARCH_PATHS = "$(inherited) @executable_path/Frameworks";
				PRODUCT_NAME = "$(TARGET_NAME)";
			};
			name = Release;
		};
		16EFB22E1AE4514000614656 /* Debug */ = {
			isa = XCBuildConfiguration;
			buildSettings = {
				BUNDLE_LOADER = "$(TEST_HOST)";
				FRAMEWORK_SEARCH_PATHS = (
					"$(SDKROOT)/Developer/Library/Frameworks",
					"$(inherited)",
				);
				GCC_PREPROCESSOR_DEFINITIONS = (
					"DEBUG=1",
					"$(inherited)",
				);
				INFOPLIST_FILE = ProjectSpyTests/Info.plist;
				LD_RUNPATH_SEARCH_PATHS = "$(inherited) @executable_path/Frameworks @loader_path/Frameworks";
				PRODUCT_NAME = "$(TARGET_NAME)";
				TEST_HOST = "$(BUILT_PRODUCTS_DIR)/ProjectSpy.app/ProjectSpy";
			};
			name = Debug;
		};
		16EFB22F1AE4514000614656 /* Release */ = {
			isa = XCBuildConfiguration;
			buildSettings = {
				BUNDLE_LOADER = "$(TEST_HOST)";
				FRAMEWORK_SEARCH_PATHS = (
					"$(SDKROOT)/Developer/Library/Frameworks",
					"$(inherited)",
				);
				INFOPLIST_FILE = ProjectSpyTests/Info.plist;
				LD_RUNPATH_SEARCH_PATHS = "$(inherited) @executable_path/Frameworks @loader_path/Frameworks";
				PRODUCT_NAME = "$(TARGET_NAME)";
				TEST_HOST = "$(BUILT_PRODUCTS_DIR)/ProjectSpy.app/ProjectSpy";
			};
			name = Release;
		};
/* End XCBuildConfiguration section */

/* Begin XCConfigurationList section */
		16EFB2021AE4514000614656 /* Build configuration list for PBXProject "ProjectSpy" */ = {
			isa = XCConfigurationList;
			buildConfigurations = (
				16EFB2281AE4514000614656 /* Debug */,
				16EFB2291AE4514000614656 /* Release */,
			);
			defaultConfigurationIsVisible = 0;
			defaultConfigurationName = Release;
		};
		16EFB22A1AE4514000614656 /* Build configuration list for PBXNativeTarget "ProjectSpy" */ = {
			isa = XCConfigurationList;
			buildConfigurations = (
				16EFB22B1AE4514000614656 /* Debug */,
				16EFB22C1AE4514000614656 /* Release */,
			);
			defaultConfigurationIsVisible = 0;
			defaultConfigurationName = Release;
		};
		16EFB22D1AE4514000614656 /* Build configuration list for PBXNativeTarget "ProjectSpyTests" */ = {
			isa = XCConfigurationList;
			buildConfigurations = (
				16EFB22E1AE4514000614656 /* Debug */,
				16EFB22F1AE4514000614656 /* Release */,
			);
			defaultConfigurationIsVisible = 0;
			defaultConfigurationName = Release;
		};
/* End XCConfigurationList section */
	};
	rootObject = 16EFB1FF1AE4514000614656 /* Project object */;
}
